
Microsoft Visual Studio Solution File, Format Version 12.00
# Visual Studio Version 17
VisualStudioVersion = 17.0.32014.148
MinimumVisualStudioVersion = 10.0.40219.1
Project("{FAE04EC0-301F-11D3-BF4B-00C04F79EFBC}") = "Av3D48Ex01", "Av3D48Ex01.csproj", "{9BDB803F-4CF3-4182-B0B5-BD062BC06C21}"
EndProject
Global
	GlobalSection(SolutionConfigurationPlatforms) = preSolution
		Debug|Any CPU = Debug|Any CPU
		Release|Any CPU = Release|Any CPU
	EndGlobalSection
	GlobalSection(ProjectConfigurationPlatforms) = postSolution
		{9BDB803F-4CF3-4182-B0B5-BD062BC06C21}.Debug|Any CPU.ActiveCfg = Debug|Any CPU
		{9BDB803F-4CF3-4182-B0B5-BD062BC06C21}.Debug|Any CPU.Build.0 = Debug|Any CPU
		{9BDB803F-4CF3-4182-B0B5-BD062BC06C21}.Release|Any CPU.ActiveCfg = Release|Any CPU
		{9BDB803F-4CF3-4182-B0B5-BD062BC06C21}.Release|Any CPU.Build.0 = Release|Any CPU
	EndGlobalSection
	GlobalSection(SolutionProperties) = preSolution
		HideSolutionNode = FALSE
	EndGlobalSection
	GlobalSection(ExtensibilityGlobals) = postSolution
		SolutionGuid = {877A30D3-4DE6-4A22-A291-96656760B060}
	EndGlobalSection
EndGlobal
